
Microsoft Visual Studio Solution File, Format Version 12.00
# Visual Studio Version 17
VisualStudioVersion = 17.13.35825.156 d17.13
MinimumVisualStudioVersion = 10.0.40219.1
Project("{FAE04EC0-301F-11D3-BF4B-00C04F79EFBC}") = "Talent Showcase Project", "Talent Showcase Project\Talent Showcase Project.csproj", "{313CF5BD-2041-41FC-BE57-A45635027E5E}"
EndProject
Global
	GlobalSection(SolutionConfigurationPlatforms) = preSolution
		Debug|Any CPU = Debug|Any CPU
		Release|Any CPU = Release|Any CPU
	EndGlobalSection
	GlobalSection(ProjectConfigurationPlatforms) = postSolution
		{313CF5BD-2041-41FC-BE57-A45635027E5E}.Debug|Any CPU.ActiveCfg = Debug|Any CPU
		{313CF5BD-2041-41FC-BE57-A45635027E5E}.Debug|Any CPU.Build.0 = Debug|Any CPU
		{313CF5BD-2041-41FC-BE57-A45635027E5E}.Release|Any CPU.ActiveCfg = Release|Any CPU
		{313CF5BD-2041-41FC-BE57-A45635027E5E}.Release|Any CPU.Build.0 = Release|Any CPU
	EndGlobalSection
	GlobalSection(SolutionProperties) = preSolution
		HideSolutionNode = FALSE
	EndGlobalSection
	GlobalSection(ExtensibilityGlobals) = postSolution
		SolutionGuid = {CB2EFD08-F69D-4C3A-93FF-FD5263A830DD}
	EndGlobalSection
EndGlobal
